// !$*UTF8*$!
{
	archiveVersion = 1;
	classes = {
	};
	objectVersion = 48;
	objects = {

/* Begin PBXBuildFile section */
		FADABA1B1FD52203003B91D1 /* AppDelegate.swift in Sources */ = {isa = PBXBuildFile; fileRef = FADABA1A1FD52203003B91D1 /* AppDelegate.swift */; };
		FADABA1D1FD52203003B91D1 /* ViewController.swift in Sources */ = {isa = PBXBuildFile; fileRef = FADABA1C1FD52203003B91D1 /* ViewController.swift */; };
		FADABA201FD52203003B91D1 /* Main.storyboard in Resources */ = {isa = PBXBuildFile; fileRef = FADABA1E1FD52203003B91D1 /* Main.storyboard */; };
		FADABA221FD52203003B91D1 /* Assets.xcassets in Resources */ = {isa = PBXBuildFile; fileRef = FADABA211FD52203003B91D1 /* Assets.xcassets */; };
		FADABA251FD52203003B91D1 /* LaunchScreen.storyboard in Resources */ = {isa = PBXBuildFile; fileRef = FADABA231FD52203003B91D1 /* LaunchScreen.storyboard */; };
/* End PBXBuildFile section */

/* Begin PBXFileReference section */
		FADABA171FD52203003B91D1 /* Slack Overflow.app */ = {isa = PBXFileReference; explicitFileType = wrapper.application; includeInIndex = 0; path = "Slack Overflow.app"; sourceTree = BUILT_PRODUCTS_DIR; };
		FADABA1A1FD52203003B91D1 /* AppDelegate.swift */ = {isa = PBXFileReference; lastKnownFileType = sourcecode.swift; path = AppDelegate.swift; sourceTree = "<group>"; };
		FADABA1C1FD52203003B91D1 /* ViewController.swift */ = {isa = PBXFileReference; lastKnownFileType = sourcecode.swift; path = ViewController.swift; sourceTree = "<group>"; };
		FADABA1F1FD52203003B91D1 /* Base */ = {isa = PBXFileReference; lastKnownFileType = file.storyboard; name = Base; path = Base.lproj/Main.storyboard; sourceTree = "<group>"; };
		FADABA211FD52203003B91D1 /* Assets.xcassets */ = {isa = PBXFileReference; lastKnownFileType = folder.assetcatalog; path = Assets.xcassets; sourceTree = "<group>"; };
		FADABA241FD52203003B91D1 /* Base */ = {isa = PBXFileReference; lastKnownFileType = file.storyboard; name = Base; path = Base.lproj/LaunchScreen.storyboard; sourceTree = "<group>"; };
		FADABA261FD52203003B91D1 /* Info.plist */ = {isa = PBXFileReference; lastKnownFileType = text.plist.xml; path = Info.plist; sourceTree = "<group>"; };
/* End PBXFileReference section */

/* Begin PBXFrameworksBuildPhase section */
		FADABA141FD52203003B91D1 /* Frameworks */ = {
			isa = PBXFrameworksBuildPhase;
			buildActionMask = 2147483647;
			files = (
			);
			runOnlyForDeploymentPostprocessing = 0;
		};
/* End PBXFrameworksBuildPhase section */

/* Begin PBXGroup section */
		FADABA0E1FD52203003B91D1 = {
			isa = PBXGroup;
			children = (
				FADABA191FD52203003B91D1 /* Slack Overflow */,
				FADABA181FD52203003B91D1 /* Products */,
			);
			sourceTree = "<group>";
		};
		FADABA181FD52203003B91D1 /* Products */ = {
			isa = PBXGroup;
			children = (
				FADABA171FD52203003B91D1 /* Slack Overflow.app */,
			);
			name = Products;
			sourceTree = "<group>";
		};
		FADABA191FD52203003B91D1 /* Slack Overflow */ = {
			isa = PBXGroup;
			children = (
				FADABA1A1FD52203003B91D1 /* AppDelegate.swift */,
				FADABA1C1FD52203003B91D1 /* ViewController.swift */,
				FADABA1E1FD52203003B91D1 /* Main.storyboard */,
				FADABA211FD52203003B91D1 /* Assets.xcassets */,
				FADABA231FD52203003B91D1 /* LaunchScreen.storyboard */,
				FADABA261FD52203003B91D1 /* Info.plist */,
			);
			path = "Slack Overflow";
			sourceTree = "<group>";
		};
/* End PBXGroup section */

/* Begin PBXNativeTarget section */
		FADABA161FD52203003B91D1 /* Slack Overflow */ = {
			isa = PBXNativeTarget;
			buildConfigurationList = FADABA291FD52203003B91D1 /* Build configuration list for PBXNativeTarget "Slack Overflow" */;
			buildPhases = (
				FADABA131FD52203003B91D1 /* Sources */,
				FADABA141FD52203003B91D1 /* Frameworks */,
				FADABA151FD52203003B91D1 /* Resources */,
			);
			buildRules = (
			);
			dependencies = (
			);
			name = "Slack Overflow";
			productName = "Slack Overflow";
			productReference = FADABA171FD52203003B91D1 /* Slack Overflow.app */;
			productType = "com.apple.product-type.application";
		};
/* End PBXNativeTarget section */

/* Begin PBXProject section */
		FADABA0F1FD52203003B91D1 /* Project object */ = {
			isa = PBXProject;
			attributes = {
				LastSwiftUpdateCheck = 0910;
				LastUpgradeCheck = 0910;
				ORGANIZATIONNAME = "Alex Wong";
				TargetAttributes = {
					FADABA161FD52203003B91D1 = {
						CreatedOnToolsVersion = 9.1;
						ProvisioningStyle = Automatic;
					};
				};
			};
			buildConfigurationList = FADABA121FD52203003B91D1 /* Build configuration list for PBXProject "Slack Overflow" */;
			compatibilityVersion = "Xcode 8.0";
			developmentRegion = en;
			hasScannedForEncodings = 0;
			knownRegions = (
				en,
				Base,
			);
			mainGroup = FADABA0E1FD52203003B91D1;
			productRefGroup = FADABA181FD52203003B91D1 /* Products */;
			projectDirPath = "";
			projectRoot = "";
			targets = (
				FADABA161FD52203003B91D1 /* Slack Overflow */,
			);
		};
/* End PBXProject section */

/* Begin PBXResourcesBuildPhase section */
		FADABA151FD52203003B91D1 /* Resources */ = {
			isa = PBXResourcesBuildPhase;
			buildActionMask = 2147483647;
			files = (
				FADABA251FD52203003B91D1 /* LaunchScreen.storyboard in Resources */,
				FADABA221FD52203003B91D1 /* Assets.xcassets in Resources */,
				FADABA201FD52203003B91D1 /* Main.storyboard in Resources */,
			);
			runOnlyForDeploymentPostprocessing = 0;
		};
/* End PBXResourcesBuildPhase section */

/* Begin PBXSourcesBuildPhase section */
		FADABA131FD52203003B91D1 /* Sources */ = {
			isa = PBXSourcesBuildPhase;
			buildActionMask = 2147483647;
			files = (
				FADABA1D1FD52203003B91D1 /* ViewController.swift in Sources */,
				FADABA1B1FD52203003B91D1 /* AppDelegate.swift in Sources */,
			);
			runOnlyForDeploymentPostprocessing = 0;
		};
/* End PBXSourcesBuildPhase section */

/* Begin PBXVariantGroup section */
		FADABA1E1FD52203003B91D1 /* Main.storyboard */ = {
			isa = PBXVariantGroup;
			children = (
				FADABA1F1FD52203003B91D1 /* Base */,
			);
			name = Main.storyboard;
			sourceTree = "<group>";
		};
		FADABA231FD52203003B91D1 /* LaunchScreen.storyboard */ = {
			isa = PBXVariantGroup;
			children = (
				FADABA241FD52203003B91D1 /* Base */,
			);
			name = LaunchScreen.storyboard;
			sourceTree = "<group>";
		};
/* End PBXVariantGroup section */

/* Begin XCBuildConfiguration section */
		FADABA271FD52203003B91D1 /* Debug */ = {
			isa = XCBuildConfiguration;
			buildSettings = {
				ALWAYS_SEARCH_USER_PATHS = NO;
				CLANG_ANALYZER_NONNULL = YES;
				CLANG_ANALYZER_NUMBER_OBJECT_CONVERSION = YES_AGGRESSIVE;
				CLANG_CXX_LANGUAGE_STANDARD = "gnu++14";
				CLANG_CXX_LIBRARY = "libc++";
				CLANG_ENABLE_MODULES = YES;
				CLANG_ENABLE_OBJC_ARC = YES;
				CLANG_WARN_BLOCK_CAPTURE_AUTORELEASING = YES;
				CLANG_WARN_BOOL_CONVERSION = YES;
				CLANG_WARN_COMMA = YES;
				CLANG_WARN_CONSTANT_CONVERSION = YES;
				CLANG_WARN_DIRECT_OBJC_ISA_USAGE = YES_ERROR;
				CLANG_WARN_DOCUMENTATION_COMMENTS = YES;
				CLANG_WARN_EMPTY_BODY = YES;
				CLANG_WARN_ENUM_CONVERSION = YES;
				CLANG_WARN_INFINITE_RECURSION = YES;
				CLANG_WARN_INT_CONVERSION = YES;
				CLANG_WARN_NON_LITERAL_NULL_CONVERSION = YES;
				CLANG_WARN_OBJC_LITERAL_CONVERSION = YES;
				CLANG_WARN_OBJC_ROOT_CLASS = YES_ERROR;
				CLANG_WARN_RANGE_LOOP_ANALYSIS = YES;
				CLANG_WARN_STRICT_PROTOTYPES = YES;
				CLANG_WARN_SUSPICIOUS_MOVE = YES;
				CLANG_WARN_UNGUARDED_AVAILABILITY = YES_AGGRESSIVE;
				CLANG_WARN_UNREACHABLE_CODE = YES;
				CLANG_WARN__DUPLICATE_METHOD_MATCH = YES;
				CODE_SIGN_IDENTITY = "iPhone Developer";
				COPY_PHASE_STRIP = NO;
				DEBUG_INFORMATION_FORMAT = dwarf;
				ENABLE_STRICT_OBJC_MSGSEND = YES;
				ENABLE_TESTABILITY = YES;
				GCC_C_LANGUAGE_STANDARD = gnu11;
				GCC_DYNAMIC_NO_PIC = NO;
				GCC_NO_COMMON_BLOCKS = YES;
				GCC_OPTIMIZATION_LEVEL = 0;
				GCC_PREPROCESSOR_DEFINITIONS = (
					"DEBUG=1",
					"$(inherited)",
				);
				GCC_WARN_64_TO_32_BIT_CONVERSION = YES;
				GCC_WARN_ABOUT_RETURN_TYPE = YES_ERROR;
				GCC_WARN_UNDECLARED_SELECTOR = YES;
				GCC_WARN_UNINITIALIZED_AUTOS = YES_AGGRESSIVE;
				GCC_WARN_UNUSED_FUNCTION = YES;
				GCC_WARN_UNUSED_VARIABLE = YES;
				IPHONEOS_DEPLOYMENT_TARGET = 11.1;
				MTL_ENABLE_DEBUG_INFO = YES;
				ONLY_ACTIVE_ARCH = YES;
				SDKROOT = iphoneos;
				SWIFT_ACTIVE_COMPILATION_CONDITIONS = DEBUG;
				SWIFT_OPTIMIZATION_LEVEL = "-Onone";
			};
			name = Debug;
		};
		FADABA281FD52203003B91D1 /* Release */ = {
			isa = XCBuildConfiguration;
			buildSettings = {
				ALWAYS_SEARCH_USER_PATHS = NO;
				CLANG_ANALYZER_NONNULL = YES;
				CLANG_ANALYZER_NUMBER_OBJECT_CONVERSION = YES_AGGRESSIVE;
				CLANG_CXX_LANGUAGE_STANDARD = "gnu++14";
				CLANG_CXX_LIBRARY = "libc++";
				CLANG_ENABLE_MODULES = YES;
				CLANG_ENABLE_OBJC_ARC = YES;
				CLANG_WARN_BLOCK_CAPTURE_AUTORELEASING = YES;
				CLANG_WARN_BOOL_CONVERSION = YES;
				CLANG_WARN_COMMA = YES;
				CLANG_WARN_CONSTANT_CONVERSION = YES;
				CLANG_WARN_DIRECT_OBJC_ISA_USAGE = YES_ERROR;
				CLANG_WARN_DOCUMENTATION_COMMENTS = YES;
				CLANG_WARN_EMPTY_BODY = YES;
				CLANG_WARN_ENUM_CONVERSION = YES;
				CLANG_WARN_INFINITE_RECURSION = YES;
				CLANG_WARN_INT_CONVERSION = YES;
				CLANG_WARN_NON_LITERAL_NULL_CONVERSION = YES;
				CLANG_WARN_OBJC_LITERAL_CONVERSION = YES;
				CLANG_WARN_OBJC_ROOT_CLASS = YES_ERROR;
				CLANG_WARN_RANGE_LOOP_ANALYSIS = YES;
				CLANG_WARN_STRICT_PROTOTYPES = YES;
				CLANG_WARN_SUSPICIOUS_MOVE = YES;
				CLANG_WARN_UNGUARDED_AVAILABILITY = YES_AGGRESSIVE;
				CLANG_WARN_UNREACHABLE_CODE = YES;
				CLANG_WARN__DUPLICATE_METHOD_MATCH = YES;
				CODE_SIGN_IDENTITY = "iPhone Developer";
				COPY_PHASE_STRIP = NO;
				DEBUG_INFORMATION_FORMAT = "dwarf-with-dsym";
				ENABLE_NS_ASSERTIONS = NO;
				ENABLE_STRICT_OBJC_MSGSEND = YES;
				GCC_C_LANGUAGE_STANDARD = gnu11;
				GCC_NO_COMMON_BLOCKS = YES;
				GCC_WARN_64_TO_32_BIT_CONVERSION = YES;
				GCC_WARN_ABOUT_RETURN_TYPE = YES_ERROR;
				GCC_WARN_UNDECLARED_SELECTOR = YES;
				GCC_WARN_UNINITIALIZED_AUTOS = YES_AGGRESSIVE;
				GCC_WARN_UNUSED_FUNCTION = YES;
				GCC_WARN_UNUSED_VARIABLE = YES;
				IPHONEOS_DEPLOYMENT_TARGET = 11.1;
				MTL_ENABLE_DEBUG_INFO = NO;
				SDKROOT = iphoneos;
				SWIFT_OPTIMIZATION_LEVEL = "-Owholemodule";
				VALIDATE_PRODUCT = YES;
			};
			name = Release;
		};
		FADABA2A1FD52203003B91D1 /* Debug */ = {
			isa = XCBuildConfiguration;
			buildSettings = {
				ASSETCATALOG_COMPILER_APPICON_NAME = AppIcon;
				CODE_SIGN_STYLE = Automatic;
				DEVELOPMENT_TEAM = 7DZAV3VM24;
				INFOPLIST_FILE = "Slack Overflow/Info.plist";
				LD_RUNPATH_SEARCH_PATHS = "$(inherited) @executable_path/Frameworks";
				PRODUCT_BUNDLE_IDENTIFIER = "alwongg.Slack-Overflow";
				PRODUCT_NAME = "$(TARGET_NAME)";
				SWIFT_VERSION = 4.0;
				TARGETED_DEVICE_FAMILY = "1,2";
			};
			name = Debug;
		};
		FADABA2B1FD52203003B91D1 /* Release */ = {
			isa = XCBuildConfiguration;
			buildSettings = {
				ASSETCATALOG_COMPILER_APPICON_NAME = AppIcon;
				CODE_SIGN_STYLE = Automatic;
				DEVELOPMENT_TEAM = 7DZAV3VM24;
				INFOPLIST_FILE = "Slack Overflow/Info.plist";
				LD_RUNPATH_SEARCH_PATHS = "$(inherited) @executable_path/Frameworks";
				PRODUCT_BUNDLE_IDENTIFIER = "alwongg.Slack-Overflow";
				PRODUCT_NAME = "$(TARGET_NAME)";
				SWIFT_VERSION = 4.0;
				TARGETED_DEVICE_FAMILY = "1,2";
			};
			name = Release;
		};
/* End XCBuildConfiguration section */

/* Begin XCConfigurationList section */
		FADABA121FD52203003B91D1 /* Build configuration list for PBXProject "Slack Overflow" */ = {
			isa = XCConfigurationList;
			buildConfigurations = (
				FADABA271FD52203003B91D1 /* Debug */,
				FADABA281FD52203003B91D1 /* Release */,
			);
			defaultConfigurationIsVisible = 0;
			defaultConfigurationName = Release;
		};
		FADABA291FD52203003B91D1 /* Build configuration list for PBXNativeTarget "Slack Overflow" */ = {
			isa = XCConfigurationList;
			buildConfigurations = (
				FADABA2A1FD52203003B91D1 /* Debug */,
				FADABA2B1FD52203003B91D1 /* Release */,
			);
			defaultConfigurationIsVisible = 0;
			defaultConfigurationName = Release;
		};
/* End XCConfigurationList section */
	};
	rootObject = FADABA0F1FD52203003B91D1 /* Project object */;
}
